
Microsoft Visual Studio Solution File, Format Version 12.00
# Visual Studio Version 17
VisualStudioVersion = 17.7.34031.279
MinimumVisualStudioVersion = 10.0.40219.1
Project("{FAE04EC0-301F-11D3-BF4B-00C04F79EFBC}") = "Rekursionsligninger", "Rekursionsligninger\Rekursionsligninger.csproj", "{E20C69C1-DF9D-43E6-926A-6E5C82AC0F3D}"
EndProject
Global
	GlobalSection(SolutionConfigurationPlatforms) = preSolution
		Debug|Any CPU = Debug|Any CPU
		Release|Any CPU = Release|Any CPU
	EndGlobalSection
	GlobalSection(ProjectConfigurationPlatforms) = postSolution
		{E20C69C1-DF9D-43E6-926A-6E5C82AC0F3D}.Debug|Any CPU.ActiveCfg = Debug|Any CPU
		{E20C69C1-DF9D-43E6-926A-6E5C82AC0F3D}.Debug|Any CPU.Build.0 = Debug|Any CPU
		{E20C69C1-DF9D-43E6-926A-6E5C82AC0F3D}.Release|Any CPU.ActiveCfg = Release|Any CPU
		{E20C69C1-DF9D-43E6-926A-6E5C82AC0F3D}.Release|Any CPU.Build.0 = Release|Any CPU
	EndGlobalSection
	GlobalSection(SolutionProperties) = preSolution
		HideSolutionNode = FALSE
	EndGlobalSection
	GlobalSection(ExtensibilityGlobals) = postSolution
		SolutionGuid = {3C5CEA4E-943C-4BF1-830A-BBA45D5C05E6}
	EndGlobalSection
EndGlobal
